{
  "name": "jses6node",
  "version": "1.0.0",
  "lockfileVersion": 2,
  "requires": true,
  "packages": {
    "": {
      "name": "jses6node",
      "version": "1.0.0",
      "license": "ISC",
      "dependencies": {
        "audit": "^0.0.6",
        "fix": "^0.0.6",
        "prompt-sync": "^4.2.0"
      },
      "devDependencies": {
        "@types/prompt-sync": "^4.1.1"
      }
    },
    "node_modules/@types/prompt-sync": {
      "version": "4.1.1",
      "resolved": "https://registry.npmjs.org/@types/prompt-sync/-/prompt-sync-4.1.1.tgz",
      "integrity": "sha512-ww0S+dKSnuiO+PstYQM7yyxEkl2Y0r5lhg/g/p4ObA6m4OWsXdtuQtB+ORj/+lQ5U5OeLNNnmYVaWVB/y2JjdA==",
      "dev": true
    },
    "node_modules/ansi-regex": {
      "version": "4.1.0",
      "resolved": "https://registry.npmjs.org/ansi-regex/-/ansi-regex-4.1.0.tgz",
      "integrity": "sha512-1apePfXM1UOSqw0o9IiFAovVz9M5S1Dg+4TrDwfMewQ6p/rmMueb7tWZjQ1rx4Loy1ArBggoqGpfqqdI4rondg==",
      "engines": {
        "node": ">=6"
      }
    },
    "node_modules/audit": {
      "version": "0.0.6",
      "resolved": "https://registry.npmjs.org/audit/-/audit-0.0.6.tgz",
      "integrity": "sha1-/vF92Erx3NKlYz/UbTsa3LCEvzs=",
      "engines": {
        "node": ">= 0.5.0"
      }
    },
    "node_modules/fix": {
      "version": "0.0.6",
      "resolved": "https://registry.npmjs.org/fix/-/fix-0.0.6.tgz",
      "integrity": "sha1-B+WTonQU3cSG7lLVD5yOCYhaAwU=",
      "dependencies": {
        "pipe": "0.0.2",
        "underscore": "1.1.6",
        "underscore.string": "1.1.4"
      },
      "engines": {
        "node": ">=0.4.8"
      }
    },
    "node_modules/pipe": {
      "version": "0.0.2",
      "resolved": "https://registry.npmjs.org/pipe/-/pipe-0.0.2.tgz",
      "integrity": "sha1-oW/m/AGddb2YfEkopn4eUOT1tE8=",
      "engines": {
        "node": ">=0.4.8"
      }
    },
    "node_modules/prompt-sync": {
      "version": "4.2.0",
      "resolved": "https://registry.npmjs.org/prompt-sync/-/prompt-sync-4.2.0.tgz",
      "integrity": "sha512-BuEzzc5zptP5LsgV5MZETjDaKSWfchl5U9Luiu8SKp7iZWD5tZalOxvNcZRwv+d2phNFr8xlbxmFNcRKfJOzJw==",
      "dependencies": {
        "strip-ansi": "^5.0.0"
      }
    },
    "node_modules/strip-ansi": {
      "version": "5.2.0",
      "resolved": "https://registry.npmjs.org/strip-ansi/-/strip-ansi-5.2.0.tgz",
      "integrity": "sha512-DuRs1gKbBqsMKIZlrffwlug8MHkcnpjs5VPmL1PAh+mA30U0DTotfDZ0d2UUsXpPmPmMMJ6W773MaA3J+lbiWA==",
      "dependencies": {
        "ansi-regex": "^4.1.0"
      },
      "engines": {
        "node": ">=6"
      }
    },
    "node_modules/underscore": {
      "version": "1.1.6",
      "resolved": "https://registry.npmjs.org/underscore/-/underscore-1.1.6.tgz",
      "integrity": "sha1-aGjaG91y11KFvgtOUPIo5w0AGiw=",
      "engines": {
        "node": "*"
      }
    },
    "node_modules/underscore.string": {
      "version": "1.1.4",
      "resolved": "https://registry.npmjs.org/underscore.string/-/underscore.string-1.1.4.tgz",
      "integrity": "sha1-m+BrI7jj2ZbqICD5mEICBp497hI=",
      "dependencies": {
        "underscore": "1.1.6"
      },
      "engines": {
        "node": "*"
      }
    }
  },
  "dependencies": {
    "@types/prompt-sync": {
      "version": "4.1.1",
      "resolved": "https://registry.npmjs.org/@types/prompt-sync/-/prompt-sync-4.1.1.tgz",
      "integrity": "sha512-ww0S+dKSnuiO+PstYQM7yyxEkl2Y0r5lhg/g/p4ObA6m4OWsXdtuQtB+ORj/+lQ5U5OeLNNnmYVaWVB/y2JjdA==",
      "dev": true
    },
    "ansi-regex": {
      "version": "4.1.0",
      "resolved": "https://registry.npmjs.org/ansi-regex/-/ansi-regex-4.1.0.tgz",
      "integrity": "sha512-1apePfXM1UOSqw0o9IiFAovVz9M5S1Dg+4TrDwfMewQ6p/rmMueb7tWZjQ1rx4Loy1ArBggoqGpfqqdI4rondg=="
    },
    "audit": {
      "version": "0.0.6",
      "resolved": "https://registry.npmjs.org/audit/-/audit-0.0.6.tgz",
      "integrity": "sha1-/vF92Erx3NKlYz/UbTsa3LCEvzs="
    },
    "fix": {
      "version": "0.0.6",
      "resolved": "https://registry.npmjs.org/fix/-/fix-0.0.6.tgz",
      "integrity": "sha1-B+WTonQU3cSG7lLVD5yOCYhaAwU=",
      "requires": {
        "pipe": "0.0.2",
        "underscore": "1.1.6",
        "underscore.string": "1.1.4"
      }
    },
    "pipe": {
      "version": "0.0.2",
      "resolved": "https://registry.npmjs.org/pipe/-/pipe-0.0.2.tgz",
      "integrity": "sha1-oW/m/AGddb2YfEkopn4eUOT1tE8="
    },
    "prompt-sync": {
      "version": "4.2.0",
      "resolved": "https://registry.npmjs.org/prompt-sync/-/prompt-sync-4.2.0.tgz",
      "integrity": "sha512-BuEzzc5zptP5LsgV5MZETjDaKSWfchl5U9Luiu8SKp7iZWD5tZalOxvNcZRwv+d2phNFr8xlbxmFNcRKfJOzJw==",
      "requires": {
        "strip-ansi": "^5.0.0"
      }
    },
    "strip-ansi": {
      "version": "5.2.0",
      "resolved": "https://registry.npmjs.org/strip-ansi/-/strip-ansi-5.2.0.tgz",
      "integrity": "sha512-DuRs1gKbBqsMKIZlrffwlug8MHkcnpjs5VPmL1PAh+mA30U0DTotfDZ0d2UUsXpPmPmMMJ6W773MaA3J+lbiWA==",
      "requires": {
        "ansi-regex": "^4.1.0"
      }
    },
    "underscore": {
      "version": "1.1.6",
      "resolved": "https://registry.npmjs.org/underscore/-/underscore-1.1.6.tgz",
      "integrity": "sha1-aGjaG91y11KFvgtOUPIo5w0AGiw="
    },
    "underscore.string": {
      "version": "1.1.4",
      "resolved": "https://registry.npmjs.org/underscore.string/-/underscore.string-1.1.4.tgz",
      "integrity": "sha1-m+BrI7jj2ZbqICD5mEICBp497hI=",
      "requires": {
        "underscore": "1.1.6"
      }
    }
  }
}
